// !$*UTF8*$!
{
	archiveVersion = 1;
	classes = {
	};
	objectVersion = 50;
	objects = {

/* Begin PBXBuildFile section */
		4915982826AC9E79009E7D6A /* ShapeView.swift in Sources */ = {isa = PBXBuildFile; fileRef = 4915982726AC9E79009E7D6A /* ShapeView.swift */; };
		4915982B26ACA0B4009E7D6A /* ShapeColorModifier.swift in Sources */ = {isa = PBXBuildFile; fileRef = 4915982A26ACA0B4009E7D6A /* ShapeColorModifier.swift */; };
		4915982D26ACA159009E7D6A /* ShapeShadingModifier.swift in Sources */ = {isa = PBXBuildFile; fileRef = 4915982C26ACA159009E7D6A /* ShapeShadingModifier.swift */; };
		4915982F26ACA1A7009E7D6A /* View+.swift in Sources */ = {isa = PBXBuildFile; fileRef = 4915982E26ACA1A7009E7D6A /* View+.swift */; };
		4915983926AF293B009E7D6A /* Array+.swift in Sources */ = {isa = PBXBuildFile; fileRef = 4915983826AF293B009E7D6A /* Array+.swift */; };
		4915983B26AF2C3F009E7D6A /* ToolbarButtonModifier.swift in Sources */ = {isa = PBXBuildFile; fileRef = 4915983A26AF2C3F009E7D6A /* ToolbarButtonModifier.swift */; };
		4915983D26AF47F5009E7D6A /* Collection+.swift in Sources */ = {isa = PBXBuildFile; fileRef = 4915983C26AF47F5009E7D6A /* Collection+.swift */; };
		4915983F26AF510A009E7D6A /* AspectVGrid.swift in Sources */ = {isa = PBXBuildFile; fileRef = 4915983E26AF510A009E7D6A /* AspectVGrid.swift */; };
		4915984126B1DF9E009E7D6A /* Squiggle.swift in Sources */ = {isa = PBXBuildFile; fileRef = 4915984026B1DF9E009E7D6A /* Squiggle.swift */; };
		4915984526B3F23A009E7D6A /* HintHighlightModifier.swift in Sources */ = {isa = PBXBuildFile; fileRef = 4915984426B3F23A009E7D6A /* HintHighlightModifier.swift */; };
		4922B42426A60BBC002A8109 /* Stanford_SoloSetApp.swift in Sources */ = {isa = PBXBuildFile; fileRef = 4922B42326A60BBC002A8109 /* Stanford_SoloSetApp.swift */; };
		4922B42826A60BBF002A8109 /* Assets.xcassets in Resources */ = {isa = PBXBuildFile; fileRef = 4922B42726A60BBF002A8109 /* Assets.xcassets */; };
		4922B42B26A60BBF002A8109 /* Preview Assets.xcassets in Resources */ = {isa = PBXBuildFile; fileRef = 4922B42A26A60BBF002A8109 /* Preview Assets.xcassets */; };
		4922B43E26A60F6B002A8109 /* SoloSetGameModel.swift in Sources */ = {isa = PBXBuildFile; fileRef = 4922B43D26A60F6B002A8109 /* SoloSetGameModel.swift */; };
		4922B44426A61A8C002A8109 /* Diamond.swift in Sources */ = {isa = PBXBuildFile; fileRef = 4922B44326A61A8C002A8109 /* Diamond.swift */; };
		4922B44D26A725FD002A8109 /* Wave.swift in Sources */ = {isa = PBXBuildFile; fileRef = 4922B44C26A725FD002A8109 /* Wave.swift */; };
		4922B45E26A775EA002A8109 /* GameView.swift in Sources */ = {isa = PBXBuildFile; fileRef = 4922B45D26A775EA002A8109 /* GameView.swift */; };
		4922B46426A84279002A8109 /* SetCard.swift in Sources */ = {isa = PBXBuildFile; fileRef = 4922B46326A84279002A8109 /* SetCard.swift */; };
		4922B46626A84308002A8109 /* Card.swift in Sources */ = {isa = PBXBuildFile; fileRef = 4922B46526A84308002A8109 /* Card.swift */; };
		4922B46A26A84442002A8109 /* ClassicSoloSetGame.swift in Sources */ = {isa = PBXBuildFile; fileRef = 4922B46926A84442002A8109 /* ClassicSoloSetGame.swift */; };
		4922B46E26A84A09002A8109 /* Color+.swift in Sources */ = {isa = PBXBuildFile; fileRef = 4922B46D26A84A09002A8109 /* Color+.swift */; };
		4942AB3D26C1705000CF5B88 /* SettingsView.swift in Sources */ = {isa = PBXBuildFile; fileRef = 4942AB3C26C1705000CF5B88 /* SettingsView.swift */; };
		497FBFAC26A8917C007D9819 /* CardView.swift in Sources */ = {isa = PBXBuildFile; fileRef = 497FBFAB26A8917C007D9819 /* CardView.swift */; };
		497FBFAE26A9F598007D9819 /* Stripes.swift in Sources */ = {isa = PBXBuildFile; fileRef = 497FBFAD26A9F598007D9819 /* Stripes.swift */; };
/* End PBXBuildFile section */

/* Begin PBXFileReference section */
		4915982726AC9E79009E7D6A /* ShapeView.swift */ = {isa = PBXFileReference; lastKnownFileType = sourcecode.swift; path = ShapeView.swift; sourceTree = "<group>"; };
		4915982A26ACA0B4009E7D6A /* ShapeColorModifier.swift */ = {isa = PBXFileReference; lastKnownFileType = sourcecode.swift; path = ShapeColorModifier.swift; sourceTree = "<group>"; };
		4915982C26ACA159009E7D6A /* ShapeShadingModifier.swift */ = {isa = PBXFileReference; lastKnownFileType = sourcecode.swift; path = ShapeShadingModifier.swift; sourceTree = "<group>"; };
		4915982E26ACA1A7009E7D6A /* View+.swift */ = {isa = PBXFileReference; lastKnownFileType = sourcecode.swift; path = "View+.swift"; sourceTree = "<group>"; };
		4915983826AF293B009E7D6A /* Array+.swift */ = {isa = PBXFileReference; lastKnownFileType = sourcecode.swift; path = "Array+.swift"; sourceTree = "<group>"; };
		4915983A26AF2C3F009E7D6A /* ToolbarButtonModifier.swift */ = {isa = PBXFileReference; lastKnownFileType = sourcecode.swift; path = ToolbarButtonModifier.swift; sourceTree = "<group>"; };
		4915983C26AF47F5009E7D6A /* Collection+.swift */ = {isa = PBXFileReference; lastKnownFileType = sourcecode.swift; path = "Collection+.swift"; sourceTree = "<group>"; };
		4915983E26AF510A009E7D6A /* AspectVGrid.swift */ = {isa = PBXFileReference; lastKnownFileType = sourcecode.swift; path = AspectVGrid.swift; sourceTree = "<group>"; };
		4915984026B1DF9E009E7D6A /* Squiggle.swift */ = {isa = PBXFileReference; lastKnownFileType = sourcecode.swift; path = Squiggle.swift; sourceTree = "<group>"; };
		4915984426B3F23A009E7D6A /* HintHighlightModifier.swift */ = {isa = PBXFileReference; lastKnownFileType = sourcecode.swift; path = HintHighlightModifier.swift; sourceTree = "<group>"; };
		4922B42026A60BBC002A8109 /* Stanford_SoloSet.app */ = {isa = PBXFileReference; explicitFileType = wrapper.application; includeInIndex = 0; path = Stanford_SoloSet.app; sourceTree = BUILT_PRODUCTS_DIR; };
		4922B42326A60BBC002A8109 /* Stanford_SoloSetApp.swift */ = {isa = PBXFileReference; lastKnownFileType = sourcecode.swift; path = Stanford_SoloSetApp.swift; sourceTree = "<group>"; };
		4922B42726A60BBF002A8109 /* Assets.xcassets */ = {isa = PBXFileReference; lastKnownFileType = folder.assetcatalog; path = Assets.xcassets; sourceTree = "<group>"; };
		4922B42A26A60BBF002A8109 /* Preview Assets.xcassets */ = {isa = PBXFileReference; lastKnownFileType = folder.assetcatalog; path = "Preview Assets.xcassets"; sourceTree = "<group>"; };
		4922B42C26A60BBF002A8109 /* Info.plist */ = {isa = PBXFileReference; lastKnownFileType = text.plist.xml; path = Info.plist; sourceTree = "<group>"; };
		4922B43D26A60F6B002A8109 /* SoloSetGameModel.swift */ = {isa = PBXFileReference; lastKnownFileType = sourcecode.swift; path = SoloSetGameModel.swift; sourceTree = "<group>"; };
		4922B44326A61A8C002A8109 /* Diamond.swift */ = {isa = PBXFileReference; lastKnownFileType = sourcecode.swift; path = Diamond.swift; sourceTree = "<group>"; };
		4922B44C26A725FD002A8109 /* Wave.swift */ = {isa = PBXFileReference; lastKnownFileType = sourcecode.swift; path = Wave.swift; sourceTree = "<group>"; };
		4922B45D26A775EA002A8109 /* GameView.swift */ = {isa = PBXFileReference; lastKnownFileType = sourcecode.swift; path = GameView.swift; sourceTree = "<group>"; };
		4922B46326A84279002A8109 /* SetCard.swift */ = {isa = PBXFileReference; lastKnownFileType = sourcecode.swift; path = SetCard.swift; sourceTree = "<group>"; };
		4922B46526A84308002A8109 /* Card.swift */ = {isa = PBXFileReference; lastKnownFileType = sourcecode.swift; path = Card.swift; sourceTree = "<group>"; };
		4922B46926A84442002A8109 /* ClassicSoloSetGame.swift */ = {isa = PBXFileReference; lastKnownFileType = sourcecode.swift; path = ClassicSoloSetGame.swift; sourceTree = "<group>"; };
		4922B46D26A84A09002A8109 /* Color+.swift */ = {isa = PBXFileReference; lastKnownFileType = sourcecode.swift; path = "Color+.swift"; sourceTree = "<group>"; };
		4942AB3C26C1705000CF5B88 /* SettingsView.swift */ = {isa = PBXFileReference; lastKnownFileType = sourcecode.swift; path = SettingsView.swift; sourceTree = "<group>"; };
		497FBFAB26A8917C007D9819 /* CardView.swift */ = {isa = PBXFileReference; lastKnownFileType = sourcecode.swift; path = CardView.swift; sourceTree = "<group>"; };
		497FBFAD26A9F598007D9819 /* Stripes.swift */ = {isa = PBXFileReference; lastKnownFileType = sourcecode.swift; path = Stripes.swift; sourceTree = "<group>"; };
/* End PBXFileReference section */

/* Begin PBXFrameworksBuildPhase section */
		4922B41D26A60BBC002A8109 /* Frameworks */ = {
			isa = PBXFrameworksBuildPhase;
			buildActionMask = 2147483647;
			files = (
			);
			runOnlyForDeploymentPostprocessing = 0;
		};
/* End PBXFrameworksBuildPhase section */

/* Begin PBXGroup section */
		4915982926AC9F1A009E7D6A /* ViewModifiers */ = {
			isa = PBXGroup;
			children = (
				4915982A26ACA0B4009E7D6A /* ShapeColorModifier.swift */,
				4915982C26ACA159009E7D6A /* ShapeShadingModifier.swift */,
				4915983A26AF2C3F009E7D6A /* ToolbarButtonModifier.swift */,
				4915984426B3F23A009E7D6A /* HintHighlightModifier.swift */,
			);
			path = ViewModifiers;
			sourceTree = "<group>";
		};
		4922B41726A60BBC002A8109 = {
			isa = PBXGroup;
			children = (
				4922B42226A60BBC002A8109 /* Stanford_SoloSet */,
				4922B42126A60BBC002A8109 /* Products */,
			);
			sourceTree = "<group>";
		};
		4922B42126A60BBC002A8109 /* Products */ = {
			isa = PBXGroup;
			children = (
				4922B42026A60BBC002A8109 /* Stanford_SoloSet.app */,
			);
			name = Products;
			sourceTree = "<group>";
		};
		4922B42226A60BBC002A8109 /* Stanford_SoloSet */ = {
			isa = PBXGroup;
			children = (
				4915982926AC9F1A009E7D6A /* ViewModifiers */,
				4922B46F26A84D72002A8109 /* Startup */,
				4922B46026A77A19002A8109 /* Extensions */,
				4922B45F26A777D4002A8109 /* Protocols */,
				4922B45A26A77117002A8109 /* Classic */,
				4922B44226A61A80002A8109 /* Shapes */,
				4922B43226A60E38002A8109 /* Models */,
				4922B42726A60BBF002A8109 /* Assets.xcassets */,
				4922B42C26A60BBF002A8109 /* Info.plist */,
				4922B42926A60BBF002A8109 /* Preview Content */,
			);
			path = Stanford_SoloSet;
			sourceTree = "<group>";
		};
		4922B42926A60BBF002A8109 /* Preview Content */ = {
			isa = PBXGroup;
			children = (
				4922B42A26A60BBF002A8109 /* Preview Assets.xcassets */,
			);
			path = "Preview Content";
			sourceTree = "<group>";
		};
		4922B43226A60E38002A8109 /* Models */ = {
			isa = PBXGroup;
			children = (
				4922B43D26A60F6B002A8109 /* SoloSetGameModel.swift */,
			);
			path = Models;
			sourceTree = "<group>";
		};
		4922B44226A61A80002A8109 /* Shapes */ = {
			isa = PBXGroup;
			children = (
				4922B44326A61A8C002A8109 /* Diamond.swift */,
				4922B44C26A725FD002A8109 /* Wave.swift */,
				497FBFAD26A9F598007D9819 /* Stripes.swift */,
				4915984026B1DF9E009E7D6A /* Squiggle.swift */,
			);
			path = Shapes;
			sourceTree = "<group>";
		};
		4922B45A26A77117002A8109 /* Classic */ = {
			isa = PBXGroup;
			children = (
				4922B46826A8442C002A8109 /* View Models */,
				4922B46726A84407002A8109 /* Views */,
				4922B46526A84308002A8109 /* Card.swift */,
			);
			path = Classic;
			sourceTree = "<group>";
		};
		4922B45F26A777D4002A8109 /* Protocols */ = {
			isa = PBXGroup;
			children = (
				4922B46326A84279002A8109 /* SetCard.swift */,
			);
			path = Protocols;
			sourceTree = "<group>";
		};
		4922B46026A77A19002A8109 /* Extensions */ = {
			isa = PBXGroup;
			children = (
				4922B46D26A84A09002A8109 /* Color+.swift */,
				4915982E26ACA1A7009E7D6A /* View+.swift */,
				4915983826AF293B009E7D6A /* Array+.swift */,
				4915983C26AF47F5009E7D6A /* Collection+.swift */,
			);
			path = Extensions;
			sourceTree = "<group>";
		};
		4922B46726A84407002A8109 /* Views */ = {
			isa = PBXGroup;
			children = (
				4922B45D26A775EA002A8109 /* GameView.swift */,
				497FBFAB26A8917C007D9819 /* CardView.swift */,
				4915982726AC9E79009E7D6A /* ShapeView.swift */,
				4915983E26AF510A009E7D6A /* AspectVGrid.swift */,
				4942AB3C26C1705000CF5B88 /* SettingsView.swift */,
			);
			path = Views;
			sourceTree = "<group>";
		};
		4922B46826A8442C002A8109 /* View Models */ = {
			isa = PBXGroup;
			children = (
				4922B46926A84442002A8109 /* ClassicSoloSetGame.swift */,
			);
			path = "View Models";
			sourceTree = "<group>";
		};
		4922B46F26A84D72002A8109 /* Startup */ = {
			isa = PBXGroup;
			children = (
				4922B42326A60BBC002A8109 /* Stanford_SoloSetApp.swift */,
			);
			path = Startup;
			sourceTree = "<group>";
		};
/* End PBXGroup section */

/* Begin PBXNativeTarget section */
		4922B41F26A60BBC002A8109 /* Stanford_SoloSet */ = {
			isa = PBXNativeTarget;
			buildConfigurationList = 4922B42F26A60BBF002A8109 /* Build configuration list for PBXNativeTarget "Stanford_SoloSet" */;
			buildPhases = (
				4922B41C26A60BBC002A8109 /* Sources */,
				4922B41D26A60BBC002A8109 /* Frameworks */,
				4922B41E26A60BBC002A8109 /* Resources */,
			);
			buildRules = (
			);
			dependencies = (
			);
			name = Stanford_SoloSet;
			productName = Stanford_SoloSet;
			productReference = 4922B42026A60BBC002A8109 /* Stanford_SoloSet.app */;
			productType = "com.apple.product-type.application";
		};
/* End PBXNativeTarget section */

/* Begin PBXProject section */
		4922B41826A60BBC002A8109 /* Project object */ = {
			isa = PBXProject;
			attributes = {
				LastSwiftUpdateCheck = 1250;
				LastUpgradeCheck = 1250;
				TargetAttributes = {
					4922B41F26A60BBC002A8109 = {
						CreatedOnToolsVersion = 12.5.1;
					};
				};
			};
			buildConfigurationList = 4922B41B26A60BBC002A8109 /* Build configuration list for PBXProject "Stanford_SoloSet" */;
			compatibilityVersion = "Xcode 9.3";
			developmentRegion = en;
			hasScannedForEncodings = 0;
			knownRegions = (
				en,
				Base,
			);
			mainGroup = 4922B41726A60BBC002A8109;
			productRefGroup = 4922B42126A60BBC002A8109 /* Products */;
			projectDirPath = "";
			projectRoot = "";
			targets = (
				4922B41F26A60BBC002A8109 /* Stanford_SoloSet */,
			);
		};
/* End PBXProject section */

/* Begin PBXResourcesBuildPhase section */
		4922B41E26A60BBC002A8109 /* Resources */ = {
			isa = PBXResourcesBuildPhase;
			buildActionMask = 2147483647;
			files = (
				4922B42B26A60BBF002A8109 /* Preview Assets.xcassets in Resources */,
				4922B42826A60BBF002A8109 /* Assets.xcassets in Resources */,
			);
			runOnlyForDeploymentPostprocessing = 0;
		};
/* End PBXResourcesBuildPhase section */

/* Begin PBXSourcesBuildPhase section */
		4922B41C26A60BBC002A8109 /* Sources */ = {
			isa = PBXSourcesBuildPhase;
			buildActionMask = 2147483647;
			files = (
				4922B46A26A84442002A8109 /* ClassicSoloSetGame.swift in Sources */,
				4922B46426A84279002A8109 /* SetCard.swift in Sources */,
				4915984526B3F23A009E7D6A /* HintHighlightModifier.swift in Sources */,
				4915983F26AF510A009E7D6A /* AspectVGrid.swift in Sources */,
				4915982F26ACA1A7009E7D6A /* View+.swift in Sources */,
				4915983B26AF2C3F009E7D6A /* ToolbarButtonModifier.swift in Sources */,
				4915983926AF293B009E7D6A /* Array+.swift in Sources */,
				4922B44D26A725FD002A8109 /* Wave.swift in Sources */,
				4922B46626A84308002A8109 /* Card.swift in Sources */,
				4922B42426A60BBC002A8109 /* Stanford_SoloSetApp.swift in Sources */,
				4922B43E26A60F6B002A8109 /* SoloSetGameModel.swift in Sources */,
				4915984126B1DF9E009E7D6A /* Squiggle.swift in Sources */,
				4915982826AC9E79009E7D6A /* ShapeView.swift in Sources */,
				4915983D26AF47F5009E7D6A /* Collection+.swift in Sources */,
				4922B44426A61A8C002A8109 /* Diamond.swift in Sources */,
				4922B45E26A775EA002A8109 /* GameView.swift in Sources */,
				4915982B26ACA0B4009E7D6A /* ShapeColorModifier.swift in Sources */,
				497FBFAC26A8917C007D9819 /* CardView.swift in Sources */,
				4915982D26ACA159009E7D6A /* ShapeShadingModifier.swift in Sources */,
				497FBFAE26A9F598007D9819 /* Stripes.swift in Sources */,
				4922B46E26A84A09002A8109 /* Color+.swift in Sources */,
				4942AB3D26C1705000CF5B88 /* SettingsView.swift in Sources */,
			);
			runOnlyForDeploymentPostprocessing = 0;
		};
/* End PBXSourcesBuildPhase section */

/* Begin XCBuildConfiguration section */
		4922B42D26A60BBF002A8109 /* Debug */ = {
			isa = XCBuildConfiguration;
			buildSettings = {
				ALWAYS_SEARCH_USER_PATHS = NO;
				CLANG_ANALYZER_NONNULL = YES;
				CLANG_ANALYZER_NUMBER_OBJECT_CONVERSION = YES_AGGRESSIVE;
				CLANG_CXX_LANGUAGE_STANDARD = "gnu++14";
				CLANG_CXX_LIBRARY = "libc++";
				CLANG_ENABLE_MODULES = YES;
				CLANG_ENABLE_OBJC_ARC = YES;
				CLANG_ENABLE_OBJC_WEAK = YES;
				CLANG_WARN_BLOCK_CAPTURE_AUTORELEASING = YES;
				CLANG_WARN_BOOL_CONVERSION = YES;
				CLANG_WARN_COMMA = YES;
				CLANG_WARN_CONSTANT_CONVERSION = YES;
				CLANG_WARN_DEPRECATED_OBJC_IMPLEMENTATIONS = YES;
				CLANG_WARN_DIRECT_OBJC_ISA_USAGE = YES_ERROR;
				CLANG_WARN_DOCUMENTATION_COMMENTS = YES;
				CLANG_WARN_EMPTY_BODY = YES;
				CLANG_WARN_ENUM_CONVERSION = YES;
				CLANG_WARN_INFINITE_RECURSION = YES;
				CLANG_WARN_INT_CONVERSION = YES;
				CLANG_WARN_NON_LITERAL_NULL_CONVERSION = YES;
				CLANG_WARN_OBJC_IMPLICIT_RETAIN_SELF = YES;
				CLANG_WARN_OBJC_LITERAL_CONVERSION = YES;
				CLANG_WARN_OBJC_ROOT_CLASS = YES_ERROR;
				CLANG_WARN_QUOTED_INCLUDE_IN_FRAMEWORK_HEADER = YES;
				CLANG_WARN_RANGE_LOOP_ANALYSIS = YES;
				CLANG_WARN_STRICT_PROTOTYPES = YES;
				CLANG_WARN_SUSPICIOUS_MOVE = YES;
				CLANG_WARN_UNGUARDED_AVAILABILITY = YES_AGGRESSIVE;
				CLANG_WARN_UNREACHABLE_CODE = YES;
				CLANG_WARN__DUPLICATE_METHOD_MATCH = YES;
				COPY_PHASE_STRIP = NO;
				DEBUG_INFORMATION_FORMAT = dwarf;
				ENABLE_STRICT_OBJC_MSGSEND = YES;
				ENABLE_TESTABILITY = YES;
				GCC_C_LANGUAGE_STANDARD = gnu11;
				GCC_DYNAMIC_NO_PIC = NO;
				GCC_NO_COMMON_BLOCKS = YES;
				GCC_OPTIMIZATION_LEVEL = 0;
				GCC_PREPROCESSOR_DEFINITIONS = (
					"DEBUG=1",
					"$(inherited)",
				);
				GCC_WARN_64_TO_32_BIT_CONVERSION = YES;
				GCC_WARN_ABOUT_RETURN_TYPE = YES_ERROR;
				GCC_WARN_UNDECLARED_SELECTOR = YES;
				GCC_WARN_UNINITIALIZED_AUTOS = YES_AGGRESSIVE;
				GCC_WARN_UNUSED_FUNCTION = YES;
				GCC_WARN_UNUSED_VARIABLE = YES;
				IPHONEOS_DEPLOYMENT_TARGET = 14.5;
				MTL_ENABLE_DEBUG_INFO = INCLUDE_SOURCE;
				MTL_FAST_MATH = YES;
				ONLY_ACTIVE_ARCH = YES;
				SDKROOT = iphoneos;
				SWIFT_ACTIVE_COMPILATION_CONDITIONS = DEBUG;
				SWIFT_OPTIMIZATION_LEVEL = "-Onone";
			};
			name = Debug;
		};
		4922B42E26A60BBF002A8109 /* Release */ = {
			isa = XCBuildConfiguration;
			buildSettings = {
				ALWAYS_SEARCH_USER_PATHS = NO;
				CLANG_ANALYZER_NONNULL = YES;
				CLANG_ANALYZER_NUMBER_OBJECT_CONVERSION = YES_AGGRESSIVE;
				CLANG_CXX_LANGUAGE_STANDARD = "gnu++14";
				CLANG_CXX_LIBRARY = "libc++";
				CLANG_ENABLE_MODULES = YES;
				CLANG_ENABLE_OBJC_ARC = YES;
				CLANG_ENABLE_OBJC_WEAK = YES;
				CLANG_WARN_BLOCK_CAPTURE_AUTORELEASING = YES;
				CLANG_WARN_BOOL_CONVERSION = YES;
				CLANG_WARN_COMMA = YES;
				CLANG_WARN_CONSTANT_CONVERSION = YES;
				CLANG_WARN_DEPRECATED_OBJC_IMPLEMENTATIONS = YES;
				CLANG_WARN_DIRECT_OBJC_ISA_USAGE = YES_ERROR;
				CLANG_WARN_DOCUMENTATION_COMMENTS = YES;
				CLANG_WARN_EMPTY_BODY = YES;
				CLANG_WARN_ENUM_CONVERSION = YES;
				CLANG_WARN_INFINITE_RECURSION = YES;
				CLANG_WARN_INT_CONVERSION = YES;
				CLANG_WARN_NON_LITERAL_NULL_CONVERSION = YES;
				CLANG_WARN_OBJC_IMPLICIT_RETAIN_SELF = YES;
				CLANG_WARN_OBJC_LITERAL_CONVERSION = YES;
				CLANG_WARN_OBJC_ROOT_CLASS = YES_ERROR;
				CLANG_WARN_QUOTED_INCLUDE_IN_FRAMEWORK_HEADER = YES;
				CLANG_WARN_RANGE_LOOP_ANALYSIS = YES;
				CLANG_WARN_STRICT_PROTOTYPES = YES;
				CLANG_WARN_SUSPICIOUS_MOVE = YES;
				CLANG_WARN_UNGUARDED_AVAILABILITY = YES_AGGRESSIVE;
				CLANG_WARN_UNREACHABLE_CODE = YES;
				CLANG_WARN__DUPLICATE_METHOD_MATCH = YES;
				COPY_PHASE_STRIP = NO;
				DEBUG_INFORMATION_FORMAT = "dwarf-with-dsym";
				ENABLE_NS_ASSERTIONS = NO;
				ENABLE_STRICT_OBJC_MSGSEND = YES;
				GCC_C_LANGUAGE_STANDARD = gnu11;
				GCC_NO_COMMON_BLOCKS = YES;
				GCC_WARN_64_TO_32_BIT_CONVERSION = YES;
				GCC_WARN_ABOUT_RETURN_TYPE = YES_ERROR;
				GCC_WARN_UNDECLARED_SELECTOR = YES;
				GCC_WARN_UNINITIALIZED_AUTOS = YES_AGGRESSIVE;
				GCC_WARN_UNUSED_FUNCTION = YES;
				GCC_WARN_UNUSED_VARIABLE = YES;
				IPHONEOS_DEPLOYMENT_TARGET = 14.5;
				MTL_ENABLE_DEBUG_INFO = NO;
				MTL_FAST_MATH = YES;
				SDKROOT = iphoneos;
				SWIFT_COMPILATION_MODE = wholemodule;
				SWIFT_OPTIMIZATION_LEVEL = "-O";
				VALIDATE_PRODUCT = YES;
			};
			name = Release;
		};
		4922B43026A60BBF002A8109 /* Debug */ = {
			isa = XCBuildConfiguration;
			buildSettings = {
				ASSETCATALOG_COMPILER_APPICON_NAME = AppIcon;
				ASSETCATALOG_COMPILER_GLOBAL_ACCENT_COLOR_NAME = AccentColor;
				CODE_SIGN_STYLE = Automatic;
				DEVELOPMENT_ASSET_PATHS = "\"Stanford_SoloSet/Preview Content\"";
				DEVELOPMENT_TEAM = 78E2YLMF54;
				ENABLE_PREVIEWS = YES;
				INFOPLIST_FILE = Stanford_SoloSet/Info.plist;
				IPHONEOS_DEPLOYMENT_TARGET = 14.0;
				LD_RUNPATH_SEARCH_PATHS = (
					"$(inherited)",
					"@executable_path/Frameworks",
				);
				PRODUCT_BUNDLE_IDENTIFIER = "com.steveblythe.Stanford-SoloSet";
				PRODUCT_NAME = "$(TARGET_NAME)";
				SWIFT_VERSION = 5.0;
				TARGETED_DEVICE_FAMILY = "1,2";
			};
			name = Debug;
		};
		4922B43126A60BBF002A8109 /* Release */ = {
			isa = XCBuildConfiguration;
			buildSettings = {
				ASSETCATALOG_COMPILER_APPICON_NAME = AppIcon;
				ASSETCATALOG_COMPILER_GLOBAL_ACCENT_COLOR_NAME = AccentColor;
				CODE_SIGN_STYLE = Automatic;
				DEVELOPMENT_ASSET_PATHS = "\"Stanford_SoloSet/Preview Content\"";
				DEVELOPMENT_TEAM = 78E2YLMF54;
				ENABLE_PREVIEWS = YES;
				INFOPLIST_FILE = Stanford_SoloSet/Info.plist;
				IPHONEOS_DEPLOYMENT_TARGET = 14.0;
				LD_RUNPATH_SEARCH_PATHS = (
					"$(inherited)",
					"@executable_path/Frameworks",
				);
				PRODUCT_BUNDLE_IDENTIFIER = "com.steveblythe.Stanford-SoloSet";
				PRODUCT_NAME = "$(TARGET_NAME)";
				SWIFT_VERSION = 5.0;
				TARGETED_DEVICE_FAMILY = "1,2";
			};
			name = Release;
		};
/* End XCBuildConfiguration section */

/* Begin XCConfigurationList section */
		4922B41B26A60BBC002A8109 /* Build configuration list for PBXProject "Stanford_SoloSet" */ = {
			isa = XCConfigurationList;
			buildConfigurations = (
				4922B42D26A60BBF002A8109 /* Debug */,
				4922B42E26A60BBF002A8109 /* Release */,
			);
			defaultConfigurationIsVisible = 0;
			defaultConfigurationName = Release;
		};
		4922B42F26A60BBF002A8109 /* Build configuration list for PBXNativeTarget "Stanford_SoloSet" */ = {
			isa = XCConfigurationList;
			buildConfigurations = (
				4922B43026A60BBF002A8109 /* Debug */,
				4922B43126A60BBF002A8109 /* Release */,
			);
			defaultConfigurationIsVisible = 0;
			defaultConfigurationName = Release;
		};
/* End XCConfigurationList section */
	};
	rootObject = 4922B41826A60BBC002A8109 /* Project object */;
}
